{
  "version": 4,
  "terraform_version": "1.5.7",
  "serial": 22,
  "lineage": "8e6f795c-3016-feb0-5e1d-54570f215e34",
  "outputs": {
    "autonomous_database_admin_password": {
      "value": [
        "Welcome12345"
      ],
      "type": [
        "tuple",
        [
          "string"
        ]
      ]
    },
    "lab_oke_cluster_id": {
      "value": "ocid1.cluster.oc1.mx-queretaro-1.aaaaaaaa2mluopeokpjvhveo2frcakom7acyfarqhewuo2fk7caapkmgurqa",
      "type": "string"
    },
    "ns_objectstorage_namespace": {
      "value": [
        "axqtz90kex4d"
      ],
      "type": [
        "tuple",
        [
          "string"
        ]
      ]
    }
  },
  "resources": [
    {
      "mode": "data",
      "type": "oci_containerengine_cluster_option",
      "name": "mtdrworkshop_cluster_option",
      "provider": "provider[\"registry.terraform.io/hashicorp/oci\"]",
      "instances": [
        {
          "schema_version": 0,
          "attributes": {
            "cluster_option_id": "all",
            "compartment_id": null,
            "id": "ContainerengineClusterOptionDataSource-1870923232",
            "kubernetes_versions": [
              "v1.28.2",
              "v1.28.10",
              "v1.29.1",
              "v1.29.10",
              "v1.30.1",
              "v1.31.1"
            ]
          },
          "sensitive_attributes": []
        }
      ]
    },
    {
      "mode": "data",
      "type": "oci_containerengine_node_pool_option",
      "name": "mtdrworkshop_node_pool_option",
      "provider": "provider[\"registry.terraform.io/hashicorp/oci\"]",
      "instances": [
        {
          "schema_version": 0,
          "attributes": {
            "compartment_id": null,
            "id": "ContainerengineNodePoolOptionDataSource-1870923232",
            "images": [],
            "kubernetes_versions": [
              "v1.28.2",
              "v1.28.10",
              "v1.29.1",
              "v1.29.10",
              "v1.30.1",
              "v1.31.1"
            ],
            "node_pool_option_id": "all",
            "shapes": [
              "BM.Standard.A1.160",
              "BM.Standard.E3.128",
              "BM.Standard.E4.128",
              "BM.Standard.E5.192",
              "BM.Standard2.52",
              "BM.Standard3.64",
              "VM.Standard.A1.Flex",
              "VM.Standard.E3.Flex",
              "VM.Standard.E4.Flex",
              "VM.Standard.E5.Flex",
              "VM.Standard2.1",
              "VM.Standard2.16",
              "VM.Standard2.2",
              "VM.Standard2.24",
              "VM.Standard2.4",
              "VM.Standard2.8",
              "VM.Standard3.Flex"
            ],
            "sources": [
              {
                "image_id": "ocid1.image.oc1.mx-queretaro-1.aaaaaaaaie5mqfcmvhkekzghtzn67isod2p4xuryeprwoognnnknxbgakexa",
                "source_name": "Oracle-Linux-8.9-aarch64-2024.05.29-0-OKE-1.28.2-707",
                "source_type": "IMAGE"
              },
              {
                "image_id": "ocid1.image.oc1.mx-queretaro-1.aaaaaaaar5vtbhf2wsipkdomogahub6fg3rqtx6s6liqnnvj7n2rmdw74mma",
                "source_name": "Oracle-Linux-8.9-aarch64-2024.04.19-0-OKE-1.28.2-693",
                "source_type": "IMAGE"
              },
              {
                "image_id": "ocid1.image.oc1.mx-queretaro-1.aaaaaaaatvntk6ytng5qgzmnkhfaz2eijvzfqwz2w635zvikan6a4ip7evla",
                "source_name": "Oracle-Linux-8.9-aarch64-2024.01.26-0-OKE-1.28.2-679",
                "source_type": "IMAGE"
              },
              {
                "image_id": "ocid1.image.oc1.mx-queretaro-1.aaaaaaaagdo7sx3s5xmzvjcba65s7xr4oisuxgq4lzkfyeanywrt373hnzgq",
                "source_name": "Oracle-Linux-8.9-Gen2-GPU-2024.05.29-0-OKE-1.28.2-707",
                "source_type": "IMAGE"
              },
              {
                "image_id": "ocid1.image.oc1.mx-queretaro-1.aaaaaaaadyukxvhwknbdsrzlfpcdg3dw2m5naxygzgjlwl3aaw6ohcye2zqa",
                "source_name": "Oracle-Linux-8.9-Gen2-GPU-2024.04.19-0-OKE-1.28.2-693",
                "source_type": "IMAGE"
              },
              {
                "image_id": "ocid1.image.oc1.mx-queretaro-1.aaaaaaaan7idblikpphn36ejqokv7yot4wfmuxa62kzj5y477vcp4cn3bnmq",
                "source_name": "Oracle-Linux-8.9-Gen2-GPU-2024.01.26-0-OKE-1.28.2-679",
                "source_type": "IMAGE"
              },
              {
                "image_id": "ocid1.image.oc1.mx-queretaro-1.aaaaaaaahshfhpjqmffufxnx3jtulkivwfjt3pqklvfc6ds6xjgzh3elgsra",
                "source_name": "Oracle-Linux-8.9-2024.05.29-0-OKE-1.28.2-707",
                "source_type": "IMAGE"
              },
              {
                "image_id": "ocid1.image.oc1.mx-queretaro-1.aaaaaaaawbgtown5o4g5twvlweym2xniqiyhqcqbdzgqcksfeat3ockrmsqa",
                "source_name": "Oracle-Linux-8.9-2024.04.19-0-OKE-1.28.2-693",
                "source_type": "IMAGE"
              },
              {
                "image_id": "ocid1.image.oc1.mx-queretaro-1.aaaaaaaals36sxldde5ptrpd2lmmwyuzhqmaabuclghopqoxwopw4iyo3neq",
                "source_name": "Oracle-Linux-8.9-2024.01.26-0-OKE-1.28.2-679",
                "source_type": "IMAGE"
              },
              {
                "image_id": "ocid1.image.oc1.mx-queretaro-1.aaaaaaaaelxoszbwi6lrw5xtgiapomiyxhsuj2f5blrrmnmyb7txuix3hwqa",
                "source_name": "Oracle-Linux-8.10-aarch64-2024.11.30-0-OKE-1.31.1-754",
                "source_type": "IMAGE"
              },
              {
                "image_id": "ocid1.image.oc1.mx-queretaro-1.aaaaaaaapptzmagwe4ukzdxfwa2ualewbnynwm6havm5tlp2lkpn4c7lr6ua",
                "source_name": "Oracle-Linux-8.10-aarch64-2024.11.30-0-OKE-1.30.1-754",
                "source_type": "IMAGE"
              },
              {
                "image_id": "ocid1.image.oc1.mx-queretaro-1.aaaaaaaaxgqxigxiz34libu6a63pcscpkjyz3kvhwdjwuulp3rcw35qfp7nq",
                "source_name": "Oracle-Linux-8.10-aarch64-2024.11.30-0-OKE-1.29.10-754",
                "source_type": "IMAGE"
              },
              {
                "image_id": "ocid1.image.oc1.mx-queretaro-1.aaaaaaaabrjtfwbftgbhuh7cgihchcihtq7o33v2ukomw7dq4tabn6xentxq",
                "source_name": "Oracle-Linux-8.10-aarch64-2024.11.30-0-OKE-1.29.1-754",
                "source_type": "IMAGE"
              },
              {
                "image_id": "ocid1.image.oc1.mx-queretaro-1.aaaaaaaa3bamglvhh6wuvhnrl4scddbdkl3et3ekr45swjl6fnnsekuyn5pq",
                "source_name": "Oracle-Linux-8.10-aarch64-2024.09.30-0-OKE-1.31.1-748",
                "source_type": "IMAGE"
              },
              {
                "image_id": "ocid1.image.oc1.mx-queretaro-1.aaaaaaaa23djw3zq2utc6w6eqw3kubglel2npangr42q3aef3z5g2oz2ftsa",
                "source_name": "Oracle-Linux-8.10-aarch64-2024.09.30-0-OKE-1.30.1-747",
                "source_type": "IMAGE"
              },
              {
                "image_id": "ocid1.image.oc1.mx-queretaro-1.aaaaaaaai7hbkqzlsnuifrweryjzdj3f7hifbqcfcusr5s3lhqoxwjobqd7a",
                "source_name": "Oracle-Linux-8.10-aarch64-2024.09.30-0-OKE-1.29.1-747",
                "source_type": "IMAGE"
              },
              {
                "image_id": "ocid1.image.oc1.mx-queretaro-1.aaaaaaaaeny3yucy6iagude4aqpa55buld22j7teij4zkkz5ncbe5dpbo55a",
                "source_name": "Oracle-Linux-8.10-aarch64-2024.09.30-0-OKE-1.28.10-747",
                "source_type": "IMAGE"
              },
              {
                "image_id": "ocid1.image.oc1.mx-queretaro-1.aaaaaaaamsxtsc73527qfzehvlef5xgwwrfq4ytdrdyescyk77753622t6dq",
                "source_name": "Oracle-Linux-8.10-aarch64-2024.07.31-0-OKE-1.30.1-720",
                "source_type": "IMAGE"
              },
              {
                "image_id": "ocid1.image.oc1.mx-queretaro-1.aaaaaaaawzedl3kedgkug5urvzknt7oiqlgtbi3a4y73r62wq6av7yvfx7sq",
                "source_name": "Oracle-Linux-8.10-aarch64-2024.07.31-0-OKE-1.29.1-720",
                "source_type": "IMAGE"
              },
              {
                "image_id": "ocid1.image.oc1.mx-queretaro-1.aaaaaaaaijslepptmkqrcstz7kwjau7jikb7k25nv4gy5uqkok7lcnx6s6pa",
                "source_name": "Oracle-Linux-8.10-aarch64-2024.07.31-0-OKE-1.28.10-720",
                "source_type": "IMAGE"
              },
              {
                "image_id": "ocid1.image.oc1.mx-queretaro-1.aaaaaaaarzayzeucn7ofwkycp2wbm7c53vnm3kncgpqrhrzvbti6z7srgteq",
                "source_name": "Oracle-Linux-8.10-Gen2-GPU-2024.11.30-0-OKE-1.31.1-754",
                "source_type": "IMAGE"
              },
              {
                "image_id": "ocid1.image.oc1.mx-queretaro-1.aaaaaaaam36wfvgbbpanapsmcxbxrkwwipiwcyrmtssr3twkeh6mf35lih7a",
                "source_name": "Oracle-Linux-8.10-Gen2-GPU-2024.11.30-0-OKE-1.30.1-754",
                "source_type": "IMAGE"
              },
              {
                "image_id": "ocid1.image.oc1.mx-queretaro-1.aaaaaaaaer4qkjrtnqn6t36n4hsgg76ex4ksdmbomesk564ytkbl7ddli4qa",
                "source_name": "Oracle-Linux-8.10-Gen2-GPU-2024.11.30-0-OKE-1.29.10-754",
                "source_type": "IMAGE"
              },
              {
                "image_id": "ocid1.image.oc1.mx-queretaro-1.aaaaaaaa7uevtndg7uqx33tiupy25txcoq7hxnot542otkqjenj7dxpraetq",
                "source_name": "Oracle-Linux-8.10-Gen2-GPU-2024.11.30-0-OKE-1.29.1-754",
                "source_type": "IMAGE"
              },
              {
                "image_id": "ocid1.image.oc1.mx-queretaro-1.aaaaaaaa2d6k6sfdeb44ji7dwefxhkzw7nsplqhcnl5g5brulxspt7tjnc3a",
                "source_name": "Oracle-Linux-8.10-Gen2-GPU-2024.09.30-0-OKE-1.31.1-748",
                "source_type": "IMAGE"
              },
              {
                "image_id": "ocid1.image.oc1.mx-queretaro-1.aaaaaaaawe7hhvszyoel2zdehup7h5ebxwaynrccxofptp7w5ojdqhsn7fjq",
                "source_name": "Oracle-Linux-8.10-Gen2-GPU-2024.09.30-0-OKE-1.30.1-747",
                "source_type": "IMAGE"
              },
              {
                "image_id": "ocid1.image.oc1.mx-queretaro-1.aaaaaaaax6hfupr6umguripcfsue54cuz7kxlhex3isqyefzpklve2ewe6bq",
                "source_name": "Oracle-Linux-8.10-Gen2-GPU-2024.09.30-0-OKE-1.29.1-747",
                "source_type": "IMAGE"
              },
              {
                "image_id": "ocid1.image.oc1.mx-queretaro-1.aaaaaaaaq7lkrfu5z36kuetdg7aw4osj2l3ttre5rdz6gataaweac2x4r74q",
                "source_name": "Oracle-Linux-8.10-Gen2-GPU-2024.09.30-0-OKE-1.28.10-747",
                "source_type": "IMAGE"
              },
              {
                "image_id": "ocid1.image.oc1.mx-queretaro-1.aaaaaaaaqqnezautdfxxtphublgxtqqy2f7wpfclv25pan7wrsi3akdhtn2q",
                "source_name": "Oracle-Linux-8.10-Gen2-GPU-2024.07.31-0-OKE-1.30.1-720",
                "source_type": "IMAGE"
              },
              {
                "image_id": "ocid1.image.oc1.mx-queretaro-1.aaaaaaaauribemkkd7azfoo3hqnyb25pjjoaakrunstfd4ec4xq3hakhwdyq",
                "source_name": "Oracle-Linux-8.10-Gen2-GPU-2024.07.31-0-OKE-1.29.1-720",
                "source_type": "IMAGE"
              },
              {
                "image_id": "ocid1.image.oc1.mx-queretaro-1.aaaaaaaavpo5cu36l3o2qelwheizfxelzyrawhhh5dfeqw54uj62z7j3i5ia",
                "source_name": "Oracle-Linux-8.10-Gen2-GPU-2024.07.31-0-OKE-1.28.10-720",
                "source_type": "IMAGE"
              },
              {
                "image_id": "ocid1.image.oc1.mx-queretaro-1.aaaaaaaardljbn4ycp6ptcwixc2gzt3pflomjq6vtdtkprp5wiw7kuiuh3va",
                "source_name": "Oracle-Linux-8.10-2024.11.30-0-OKE-1.31.1-754",
                "source_type": "IMAGE"
              },
              {
                "image_id": "ocid1.image.oc1.mx-queretaro-1.aaaaaaaado4sdl2gqcclqpjypwlz2erinb7k7n4oyeshfawoczj26wv62opq",
                "source_name": "Oracle-Linux-8.10-2024.11.30-0-OKE-1.30.1-754",
                "source_type": "IMAGE"
              },
              {
                "image_id": "ocid1.image.oc1.mx-queretaro-1.aaaaaaaa3qlgxca2tpqafvwllneuhc5f4vqlrdzp4sq5nscmhp27wblkvp7q",
                "source_name": "Oracle-Linux-8.10-2024.11.30-0-OKE-1.29.10-754",
                "source_type": "IMAGE"
              },
              {
                "image_id": "ocid1.image.oc1.mx-queretaro-1.aaaaaaaahfwkhyvneuzstfp7i5es3n6nnxob4icbxs2vqtgcgxuqnv4slxza",
                "source_name": "Oracle-Linux-8.10-2024.11.30-0-OKE-1.29.1-754",
                "source_type": "IMAGE"
              },
              {
                "image_id": "ocid1.image.oc1.mx-queretaro-1.aaaaaaaa46xfz6d7xu4s2b7qpntz6baxblra7kqcyw5lddhmlnk2pazrsyxq",
                "source_name": "Oracle-Linux-8.10-2024.09.30-0-OKE-1.31.1-748",
                "source_type": "IMAGE"
              },
              {
                "image_id": "ocid1.image.oc1.mx-queretaro-1.aaaaaaaanvem4ulpzjpriwoungra4bajfv3jkqsdcgkmbwt3huyqshpnw2jq",
                "source_name": "Oracle-Linux-8.10-2024.09.30-0-OKE-1.30.1-747",
                "source_type": "IMAGE"
              },
              {
                "image_id": "ocid1.image.oc1.mx-queretaro-1.aaaaaaaatq432s5mylboqggsuabw2kdxtw2irwapt7xvdz7hh6akedm3f6aq",
                "source_name": "Oracle-Linux-8.10-2024.09.30-0-OKE-1.29.1-747",
                "source_type": "IMAGE"
              },
              {
                "image_id": "ocid1.image.oc1.mx-queretaro-1.aaaaaaaardez6uhahmwdedbk5cqw6ue7vew4a6zwytznzmdvonlsavsvbatq",
                "source_name": "Oracle-Linux-8.10-2024.09.30-0-OKE-1.28.10-747",
                "source_type": "IMAGE"
              },
              {
                "image_id": "ocid1.image.oc1.mx-queretaro-1.aaaaaaaaf5orjw3qllpltkc55lznfq7qj7lda2gvbvysqfcshr6pcpo3554a",
                "source_name": "Oracle-Linux-8.10-2024.07.31-0-OKE-1.30.1-720",
                "source_type": "IMAGE"
              },
              {
                "image_id": "ocid1.image.oc1.mx-queretaro-1.aaaaaaaacx6l5cpzaeqe4iw2s3a5m6pzxv5ytikrcnb4trg5ipc7wfeto26a",
                "source_name": "Oracle-Linux-8.10-2024.07.31-0-OKE-1.29.1-720",
                "source_type": "IMAGE"
              },
              {
                "image_id": "ocid1.image.oc1.mx-queretaro-1.aaaaaaaabl5ykfslk2ytqeza6qeh5u7ejx5uzfww2pxer3hpguv2ahnxenqa",
                "source_name": "Oracle-Linux-8.10-2024.07.31-0-OKE-1.28.10-720",
                "source_type": "IMAGE"
              },
              {
                "image_id": "ocid1.image.oc1.mx-queretaro-1.aaaaaaaaczeqxjzrqq4ywrzrqumultwqefqwegp5crnvgqlhflcjv4xu2epq",
                "source_name": "Oracle-Linux-7.9-aarch64-2024.11.30-0-OKE-1.31.1-754",
                "source_type": "IMAGE"
              },
              {
                "image_id": "ocid1.image.oc1.mx-queretaro-1.aaaaaaaadzyw4ldl3g5cnepdtl5q5yixydjr4tfuxku4woqq2gxdzviact6q",
                "source_name": "Oracle-Linux-7.9-aarch64-2024.11.30-0-OKE-1.30.1-754",
                "source_type": "IMAGE"
              },
              {
                "image_id": "ocid1.image.oc1.mx-queretaro-1.aaaaaaaa2vcq2rp7u2g2g3g43mjtuhgfw3pe2vhktffzjzofpuot7skiwqda",
                "source_name": "Oracle-Linux-7.9-aarch64-2024.11.30-0-OKE-1.29.10-754",
                "source_type": "IMAGE"
              },
              {
                "image_id": "ocid1.image.oc1.mx-queretaro-1.aaaaaaaa3olvpmucbe5bwuwdejkv7ixfcyvzqnwjancn5j6b4zu4uqrnhjya",
                "source_name": "Oracle-Linux-7.9-aarch64-2024.11.30-0-OKE-1.29.1-754",
                "source_type": "IMAGE"
              },
              {
                "image_id": "ocid1.image.oc1.mx-queretaro-1.aaaaaaaa75mpbx5mwffhajwlwccmk3gns2urixlq7nxwfuona5algkm4rcga",
                "source_name": "Oracle-Linux-7.9-aarch64-2024.09.30-0-OKE-1.31.1-748",
                "source_type": "IMAGE"
              },
              {
                "image_id": "ocid1.image.oc1.mx-queretaro-1.aaaaaaaajjuo2r5cztfcilwypeuaccfaolx3or7t7zkjsaceto7yoi6vovja",
                "source_name": "Oracle-Linux-7.9-aarch64-2024.09.30-0-OKE-1.30.1-747",
                "source_type": "IMAGE"
              },
              {
                "image_id": "ocid1.image.oc1.mx-queretaro-1.aaaaaaaaqbhqop65iduyxbwbxwcgsf5cgj4nxse55ifundm7esz7t4itnw5a",
                "source_name": "Oracle-Linux-7.9-aarch64-2024.09.30-0-OKE-1.29.1-747",
                "source_type": "IMAGE"
              },
              {
                "image_id": "ocid1.image.oc1.mx-queretaro-1.aaaaaaaawbsurcnqjayny7234vhx2e5wkeoq2fainla5wd7h7wrv7wbscwka",
                "source_name": "Oracle-Linux-7.9-aarch64-2024.09.30-0-OKE-1.28.10-747",
                "source_type": "IMAGE"
              },
              {
                "image_id": "ocid1.image.oc1.mx-queretaro-1.aaaaaaaatvrpytza2uz6mdkqtehmnnbwe7cqer2cqbevslsn2lq6evdmw25q",
                "source_name": "Oracle-Linux-7.9-aarch64-2024.07.31-0-OKE-1.30.1-720",
                "source_type": "IMAGE"
              },
              {
                "image_id": "ocid1.image.oc1.mx-queretaro-1.aaaaaaaa2g2iqbskrlkoxh6l64z2yadpcyp22px5yi5m3kijov2ezikjribq",
                "source_name": "Oracle-Linux-7.9-aarch64-2024.07.31-0-OKE-1.29.1-720",
                "source_type": "IMAGE"
              },
              {
                "image_id": "ocid1.image.oc1.mx-queretaro-1.aaaaaaaa6732laow5md3h5gcejmizz47c5tmugjx2dwgaiivobrhphlxijqq",
                "source_name": "Oracle-Linux-7.9-aarch64-2024.07.31-0-OKE-1.28.10-720",
                "source_type": "IMAGE"
              },
              {
                "image_id": "ocid1.image.oc1.mx-queretaro-1.aaaaaaaaagqgej2izzwpiadidlnel3rbztyeeqnrn3yiwzb5ggdex3a3brza",
                "source_name": "Oracle-Linux-7.9-aarch64-2024.05.29-0-OKE-1.28.2-707",
                "source_type": "IMAGE"
              },
              {
                "image_id": "ocid1.image.oc1.mx-queretaro-1.aaaaaaaa52lubgujuntdwktwxzxusoxwaysaxcc37jwx5cwiczwrxhfdaylq",
                "source_name": "Oracle-Linux-7.9-aarch64-2024.04.19-0-OKE-1.28.2-693",
                "source_type": "IMAGE"
              },
              {
                "image_id": "ocid1.image.oc1.mx-queretaro-1.aaaaaaaacqukou5e4rw2djhveekphd7e3me2z3od44xetqqjrcdyyiyvw53a",
                "source_name": "Oracle-Linux-7.9-aarch64-2024.01.23-0-OKE-1.28.2-679",
                "source_type": "IMAGE"
              },
              {
                "image_id": "ocid1.image.oc1.mx-queretaro-1.aaaaaaaajcycsqafbrojjwl4jcnpx3nlroox6rzqjsofos7hhyioblg2ytlq",
                "source_name": "Oracle-Linux-7.9-Gen2-GPU-2024.11.30-0-OKE-1.31.1-754",
                "source_type": "IMAGE"
              },
              {
                "image_id": "ocid1.image.oc1.mx-queretaro-1.aaaaaaaai4nmh3elgncd5lplltovk4bzfmwrt6y6samxkfr32xnecjemzzcq",
                "source_name": "Oracle-Linux-7.9-Gen2-GPU-2024.11.30-0-OKE-1.30.1-754",
                "source_type": "IMAGE"
              },
              {
                "image_id": "ocid1.image.oc1.mx-queretaro-1.aaaaaaaanmuesmyeg5uoshvzacquuavkegrnqtaga5je7ebwelyvvjps4ipq",
                "source_name": "Oracle-Linux-7.9-Gen2-GPU-2024.11.30-0-OKE-1.29.10-754",
                "source_type": "IMAGE"
              },
              {
                "image_id": "ocid1.image.oc1.mx-queretaro-1.aaaaaaaayh2i3yfsz5cyilitjcmigiudvenjhz4qhwmkhjz3ycdg53lmleiq",
                "source_name": "Oracle-Linux-7.9-Gen2-GPU-2024.11.30-0-OKE-1.29.1-754",
                "source_type": "IMAGE"
              },
              {
                "image_id": "ocid1.image.oc1.mx-queretaro-1.aaaaaaaaud7mgy7rjaecc62elqjlxtlfdyfo6sxnbwt4ff7hmo4j4dyt7buq",
                "source_name": "Oracle-Linux-7.9-Gen2-GPU-2024.09.30-0-OKE-1.31.1-748",
                "source_type": "IMAGE"
              },
              {
                "image_id": "ocid1.image.oc1.mx-queretaro-1.aaaaaaaao7kybmjkqsu52xmygnxias4kpxmlgzqkzlxu7tawnyj4ncpz4tka",
                "source_name": "Oracle-Linux-7.9-Gen2-GPU-2024.09.30-0-OKE-1.30.1-747",
                "source_type": "IMAGE"
              },
              {
                "image_id": "ocid1.image.oc1.mx-queretaro-1.aaaaaaaa42bjt4sapeafhbkio3ay3xt5sjrrzyqbo55fkdugoqt52eyeugsa",
                "source_name": "Oracle-Linux-7.9-Gen2-GPU-2024.09.30-0-OKE-1.29.1-747",
                "source_type": "IMAGE"
              },
              {
                "image_id": "ocid1.image.oc1.mx-queretaro-1.aaaaaaaaijq2sk3allqv5wmaa4nqipwvisvdvepn732lyu3wtqcr57gdsada",
                "source_name": "Oracle-Linux-7.9-Gen2-GPU-2024.09.30-0-OKE-1.28.10-747",
                "source_type": "IMAGE"
              },
              {
                "image_id": "ocid1.image.oc1.mx-queretaro-1.aaaaaaaaaaxmwgbgvqmwlx6ctvj7mpnvyq273mo2gdsyhlunfgszstphybja",
                "source_name": "Oracle-Linux-7.9-Gen2-GPU-2024.07.31-0-OKE-1.30.1-720",
                "source_type": "IMAGE"
              },
              {
                "image_id": "ocid1.image.oc1.mx-queretaro-1.aaaaaaaaefuff4gpnqy6skc2uaibj676y2xnc64pxdplw65ddnakr4udqsja",
                "source_name": "Oracle-Linux-7.9-Gen2-GPU-2024.07.31-0-OKE-1.29.1-720",
                "source_type": "IMAGE"
              },
              {
                "image_id": "ocid1.image.oc1.mx-queretaro-1.aaaaaaaapsev7mn2s6gt346u5uzzjwvtksakxdjxyyqpw7nlz6yoqomhnetq",
                "source_name": "Oracle-Linux-7.9-Gen2-GPU-2024.07.31-0-OKE-1.28.10-720",
                "source_type": "IMAGE"
              },
              {
                "image_id": "ocid1.image.oc1.mx-queretaro-1.aaaaaaaasienplognpjvjh6uyc7vg3nah7ks2hc2jtdkhgtpbd6jqfno62yq",
                "source_name": "Oracle-Linux-7.9-Gen2-GPU-2024.05.29-0-OKE-1.28.2-707",
                "source_type": "IMAGE"
              },
              {
                "image_id": "ocid1.image.oc1.mx-queretaro-1.aaaaaaaatkdisydvtzxtmw4gzi2fvkm3kchrvamtu4oe6rkvkdhb5xqenaea",
                "source_name": "Oracle-Linux-7.9-Gen2-GPU-2024.04.19-0-OKE-1.28.2-693",
                "source_type": "IMAGE"
              },
              {
                "image_id": "ocid1.image.oc1.mx-queretaro-1.aaaaaaaaofpideympx7eva4onodrlao23tc62cnsbrlvpih2p75sanwgxcza",
                "source_name": "Oracle-Linux-7.9-Gen2-GPU-2024.01.23-0-OKE-1.28.2-679",
                "source_type": "IMAGE"
              },
              {
                "image_id": "ocid1.image.oc1.mx-queretaro-1.aaaaaaaa35cb5tyvci5xo6ou3k6msl2bg3ypapl4bnfwz2am5o46d7prnc6a",
                "source_name": "Oracle-Linux-7.9-2024.11.30-0-OKE-1.31.1-754",
                "source_type": "IMAGE"
              },
              {
                "image_id": "ocid1.image.oc1.mx-queretaro-1.aaaaaaaar46q2vrbmwtcsf6orsnxpshy6dduyhqxpdrqfdrhxcgraee53ckq",
                "source_name": "Oracle-Linux-7.9-2024.11.30-0-OKE-1.30.1-754",
                "source_type": "IMAGE"
              },
              {
                "image_id": "ocid1.image.oc1.mx-queretaro-1.aaaaaaaaafmnhw3wcsjmlcdrjdw4yge3d7xrlf6h3h3qs4twntylcxvib6gq",
                "source_name": "Oracle-Linux-7.9-2024.11.30-0-OKE-1.29.10-754",
                "source_type": "IMAGE"
              },
              {
                "image_id": "ocid1.image.oc1.mx-queretaro-1.aaaaaaaaecliygpz6loho2ca3yv3iyqcjcovswraeng5ntjbulkwi5szgh4q",
                "source_name": "Oracle-Linux-7.9-2024.11.30-0-OKE-1.29.1-754",
                "source_type": "IMAGE"
              },
              {
                "image_id": "ocid1.image.oc1.mx-queretaro-1.aaaaaaaabnbpag52ebaqxnugjsbf6hzn64s6j3ff567v7vyp6u45wpj65h7q",
                "source_name": "Oracle-Linux-7.9-2024.09.30-0-OKE-1.31.1-748",
                "source_type": "IMAGE"
              },
              {
                "image_id": "ocid1.image.oc1.mx-queretaro-1.aaaaaaaawieqbsiufseluafihwl26hr4ouhug75hrvdxd6d5f4tr4l36p76q",
                "source_name": "Oracle-Linux-7.9-2024.09.30-0-OKE-1.30.1-747",
                "source_type": "IMAGE"
              },
              {
                "image_id": "ocid1.image.oc1.mx-queretaro-1.aaaaaaaanfvw4h4vwgnyhen7p7dnaqhd7i3e7gqbwgxz35cuim3uysexgdla",
                "source_name": "Oracle-Linux-7.9-2024.09.30-0-OKE-1.29.1-747",
                "source_type": "IMAGE"
              },
              {
                "image_id": "ocid1.image.oc1.mx-queretaro-1.aaaaaaaap2mnwdtl6iu5sv77eftfo2oixtw2wsxc57fgvaxs3q6kopnihysa",
                "source_name": "Oracle-Linux-7.9-2024.09.30-0-OKE-1.28.10-747",
                "source_type": "IMAGE"
              },
              {
                "image_id": "ocid1.image.oc1.mx-queretaro-1.aaaaaaaas4uk73jb3mny7osw4t42kuizk6oq3apwu4xyblpynm4tihekgtma",
                "source_name": "Oracle-Linux-7.9-2024.07.31-0-OKE-1.30.1-720",
                "source_type": "IMAGE"
              },
              {
                "image_id": "ocid1.image.oc1.mx-queretaro-1.aaaaaaaagqjpu55kge3ntcjlkykx4bmetc2xln56o3jcn253p7pjflttrxpq",
                "source_name": "Oracle-Linux-7.9-2024.07.31-0-OKE-1.29.1-720",
                "source_type": "IMAGE"
              },
              {
                "image_id": "ocid1.image.oc1.mx-queretaro-1.aaaaaaaamhluemcd5jk3whq74ybjmfuf2ln5ke3d4ld2n6ucqjvtxujzpqua",
                "source_name": "Oracle-Linux-7.9-2024.07.31-0-OKE-1.28.10-720",
                "source_type": "IMAGE"
              },
              {
                "image_id": "ocid1.image.oc1.mx-queretaro-1.aaaaaaaa5kc7ajwdnoxocf2aebf6p2o2sgsdv5uhlswv7vkbmktoezsm6hyq",
                "source_name": "Oracle-Linux-7.9-2024.05.29-0-OKE-1.28.2-707",
                "source_type": "IMAGE"
              },
              {
                "image_id": "ocid1.image.oc1.mx-queretaro-1.aaaaaaaazia522imip2jaej23isdb6wzroxvyrgqj3fjpwq62r5aub4yprzq",
                "source_name": "Oracle-Linux-7.9-2024.04.19-0-OKE-1.28.2-693",
                "source_type": "IMAGE"
              },
              {
                "image_id": "ocid1.image.oc1.mx-queretaro-1.aaaaaaaaj7xjxpol4j5mfqr52f3o26magzl7dw5bvflsbzjmpfkyq7zttiva",
                "source_name": "Oracle-Linux-7.9-2024.01.23-0-OKE-1.28.2-679",
                "source_type": "IMAGE"
              },
              {
                "image_id": "ocid1.image.oc1.mx-queretaro-1.aaaaaaaa6z5b2nyzz6mzga5bk2dmhjqalqcqlb5x6qbqvsfg4qm6l62xtila",
                "source_name": "Oracle-Linux-8.10-aarch64-2025.01.31-0",
                "source_type": "IMAGE"
              },
              {
                "image_id": "ocid1.image.oc1.mx-queretaro-1.aaaaaaaaefohytlojh5whdhv7gezum3mfhbslpin4q5ybmcmna55er7ahfpa",
                "source_name": "Oracle-Linux-8.10-aarch64-2024.11.30-0",
                "source_type": "IMAGE"
              },
              {
                "image_id": "ocid1.image.oc1.mx-queretaro-1.aaaaaaaalwrv7cdlnypnk3y4y7m3m6bff5tjmugmiwh5ggtq3nqe3pvrv2ua",
                "source_name": "Oracle-Linux-8.10-aarch64-2024.10.31-0",
                "source_type": "IMAGE"
              },
              {
                "image_id": "ocid1.image.oc1.mx-queretaro-1.aaaaaaaakcz67bswjyp32nqzwwbc26xdq2djpudjioqwjhsfw43hwq2llclq",
                "source_name": "Oracle-Linux-8.10-Gen2-GPU-2025.01.31-0",
                "source_type": "IMAGE"
              },
              {
                "image_id": "ocid1.image.oc1.mx-queretaro-1.aaaaaaaazpk36vd3bq3dlotenijxhk4ihy37agxlnhwczk4x5hb6lwynuqia",
                "source_name": "Oracle-Linux-8.10-Gen2-GPU-2024.11.30-0",
                "source_type": "IMAGE"
              },
              {
                "image_id": "ocid1.image.oc1.mx-queretaro-1.aaaaaaaaoujj42j34fzrt5bb4pnyu2cbofni6ot5x3mv242rbqn6g6k4oifa",
                "source_name": "Oracle-Linux-8.10-Gen2-GPU-2024.10.31-0",
                "source_type": "IMAGE"
              },
              {
                "image_id": "ocid1.image.oc1.mx-queretaro-1.aaaaaaaao5yj76wqdbiodhiio63f7oynpgdsgrfqqoqmxy227upeamwvw6ha",
                "source_name": "Oracle-Linux-8.10-Gen2-AMD-GPU-2024.08.31-0",
                "source_type": "IMAGE"
              },
              {
                "image_id": "ocid1.image.oc1.mx-queretaro-1.aaaaaaaawlpwcoonbsc54xcduzhknvkf3ofnmh7ydkn7j4te4rwopreqly5a",
                "source_name": "Oracle-Linux-8.10-2025.01.31-0",
                "source_type": "IMAGE"
              },
              {
                "image_id": "ocid1.image.oc1.mx-queretaro-1.aaaaaaaa4vxgfem2iezniciivwyxlflep73iy2m7cdzvqkaqvlgicxjv5nzq",
                "source_name": "Oracle-Linux-8.10-2024.11.30-0",
                "source_type": "IMAGE"
              },
              {
                "image_id": "ocid1.image.oc1.mx-queretaro-1.aaaaaaaa55tanwjnwvykc4zd7ueptruphdylobcavwkjvfmpc6biuvf6mseq",
                "source_name": "Oracle-Linux-8.10-2024.10.31-0",
                "source_type": "IMAGE"
              },
              {
                "image_id": "ocid1.image.oc1.mx-queretaro-1.aaaaaaaaz7xr6cbss3bfasxvmrg2kxtlubyc7au4zc4yycjdr5pgxrvdtqrq",
                "source_name": "Oracle-Linux-7.9-aarch64-2024.11.30-0",
                "source_type": "IMAGE"
              },
              {
                "image_id": "ocid1.image.oc1.mx-queretaro-1.aaaaaaaa2iwcgoycjcybes5p5newx2kei76um6v3sxjqk6bgisto22e4nd2a",
                "source_name": "Oracle-Linux-7.9-aarch64-2024.10.31-0",
                "source_type": "IMAGE"
              },
              {
                "image_id": "ocid1.image.oc1.mx-queretaro-1.aaaaaaaaqccalmvuwdxfttw5znds5i7pf3erjxv5wdks4cm4ob5sm6zm6eua",
                "source_name": "Oracle-Linux-7.9-aarch64-2024.09.30-0",
                "source_type": "IMAGE"
              },
              {
                "image_id": "ocid1.image.oc1.mx-queretaro-1.aaaaaaaaa3kxwzhkqgurxkfloyjovr4fld5xwyw2q4c7cvn3ixdrhi7fkx2a",
                "source_name": "Oracle-Linux-7.9-Gen2-GPU-2025.01.31-0",
                "source_type": "IMAGE"
              },
              {
                "image_id": "ocid1.image.oc1.mx-queretaro-1.aaaaaaaag37lgkntc5gqcbn75z3hmchemmdw5d2pvrmggdlrijrtpe7jd5yq",
                "source_name": "Oracle-Linux-7.9-Gen2-GPU-2024.11.30-0",
                "source_type": "IMAGE"
              },
              {
                "image_id": "ocid1.image.oc1.mx-queretaro-1.aaaaaaaalsol6tir4myfe5hcbaoprsh2vy25xyxb3zk3sm7ri66a3rbxuezq",
                "source_name": "Oracle-Linux-7.9-Gen2-GPU-2024.10.31-0",
                "source_type": "IMAGE"
              },
              {
                "image_id": "ocid1.image.oc1.mx-queretaro-1.aaaaaaaalrf6t3gniugo43vpng35fc7hxnsrcebdxzsqtngjsrxj6fpvctuq",
                "source_name": "Oracle-Linux-7.9-2025.01.31-0",
                "source_type": "IMAGE"
              },
              {
                "image_id": "ocid1.image.oc1.mx-queretaro-1.aaaaaaaaqykiekivumz5rfn2b3gt2vtsqtmgu27rxsskkmkmbjqdje7zdgja",
                "source_name": "Oracle-Linux-7.9-2024.11.30-0",
                "source_type": "IMAGE"
              },
              {
                "image_id": "ocid1.image.oc1.mx-queretaro-1.aaaaaaaa7bbpnkezy53lx7myhmabw5j2krzoejls6jddt7e4wfle7hkkbgma",
                "source_name": "Oracle-Linux-7.9-2024.10.31-0",
                "source_type": "IMAGE"
              }
            ]
          },
          "sensitive_attributes": []
        }
      ]
    },
    {
      "mode": "data",
      "type": "oci_core_services",
      "name": "services",
      "provider": "provider[\"registry.terraform.io/hashicorp/oci\"]",
      "instances": [
        {
          "schema_version": 0,
          "attributes": {
            "filter": [
              {
                "name": "name",
                "regex": true,
                "values": [
                  "All .* Services In Oracle Services Network"
                ]
              }
            ],
            "id": "CoreServicesDataSource-0",
            "services": [
              {
                "cidr_block": "all-qro-services-in-oracle-services-network",
                "description": "All QRO Services In Oracle Services Network",
                "id": "ocid1.service.oc1.mx-queretaro-1.aaaaaaaayvg3nrjmjfutkwgtod4g36arka7blin2p3e4fhc5ryv5ciqf7vaq",
                "name": "All QRO Services In Oracle Services Network"
              }
            ]
          },
          "sensitive_attributes": []
        }
      ]
    },
    {
      "mode": "data",
      "type": "oci_database_autonomous_databases",
      "name": "autonomous_databases_atp",
      "provider": "provider[\"registry.terraform.io/hashicorp/oci\"]",
      "instances": [
        {
          "schema_version": 0,
          "attributes": {
            "autonomous_container_database_id": null,
            "autonomous_databases": [],
            "compartment_id": "ocid1.compartment.oc1..aaaaaaaafwv43hje6tdbh5owtuccvs5w2x6hacnfkxa4b2srmhmwp2m6l2oq",
            "db_version": null,
            "db_workload": "OLTP",
            "display_name": "MTDRDB",
            "filter": null,
            "id": "DatabaseAutonomousDatabasesDataSource-1029526630",
            "infrastructure_type": null,
            "is_data_guard_enabled": null,
            "is_free_tier": null,
            "is_refreshable_clone": null,
            "state": null
          },
          "sensitive_attributes": []
        }
      ]
    },
    {
      "mode": "data",
      "type": "oci_identity_availability_domain",
      "name": "ad1",
      "provider": "provider[\"registry.terraform.io/hashicorp/oci\"]",
      "instances": [
        {
          "schema_version": 0,
          "attributes": {
            "ad_number": 1,
            "compartment_id": "ocid1.tenancy.oc1..aaaaaaaasjmaxo4leb2skfdhsze7syhkls4a7ikz46w5irnufeu3clk5wzua",
            "id": "ocid1.availabilitydomain.oc1..aaaaaaaahpm2sutjrjc3rr22nwe5lo6rtf24rqzd5wog6oql5xmkrdy2avda",
            "name": "WpsW:MX-QUERETARO-1-AD-1"
          },
          "sensitive_attributes": []
        }
      ]
    },
    {
      "mode": "data",
      "type": "oci_objectstorage_namespace",
      "name": "namespace",
      "provider": "provider[\"registry.terraform.io/hashicorp/oci\"]",
      "instances": [
        {
          "schema_version": 0,
          "attributes": {
            "compartment_id": "ocid1.compartment.oc1..aaaaaaaafwv43hje6tdbh5owtuccvs5w2x6hacnfkxa4b2srmhmwp2m6l2oq",
            "id": "ObjectStorageNamespaceDataSource-3440313402",
            "namespace": "axqtz90kex4d"
          },
          "sensitive_attributes": []
        }
      ]
    },
    {
      "mode": "data",
      "type": "oci_objectstorage_namespace",
      "name": "test_namespace",
      "provider": "provider[\"registry.terraform.io/hashicorp/oci\"]",
      "instances": [
        {
          "schema_version": 0,
          "attributes": {
            "compartment_id": "ocid1.compartment.oc1..aaaaaaaafwv43hje6tdbh5owtuccvs5w2x6hacnfkxa4b2srmhmwp2m6l2oq",
            "id": "ObjectStorageNamespaceDataSource-3440313402",
            "namespace": "axqtz90kex4d"
          },
          "sensitive_attributes": []
        }
      ]
    },
    {
      "mode": "managed",
      "type": "oci_artifacts_container_repository",
      "name": "todolist",
      "provider": "provider[\"registry.terraform.io/hashicorp/oci\"]",
      "instances": [
        {
          "schema_version": 0,
          "attributes": {
            "billable_size_in_gbs": "0",
            "compartment_id": "ocid1.compartment.oc1..aaaaaaaafwv43hje6tdbh5owtuccvs5w2x6hacnfkxa4b2srmhmwp2m6l2oq",
            "created_by": "ocid1.user.oc1..aaaaaaaa5mukswxl24dj7m6eyy7xkg2n4mnjbae4bvog4ovqikoejpy7g2ca",
            "display_name": "reacttodo/ymoni/todolistapp-springboot",
            "id": "ocid1.containerrepo.oc1.mx-queretaro-1.0.axqtz90kex4d.aaaaaaaa4a6kdsr5qcx5zhl5es2cmbi3hs4fy4dshewp5ndovvsyftx4ojgq",
            "image_count": 0,
            "is_immutable": false,
            "is_public": true,
            "layer_count": 0,
            "layers_size_in_bytes": "0",
            "readme": [],
            "state": "AVAILABLE",
            "time_created": "2025-02-26 04:50:12.223 +0000 UTC",
            "time_last_pushed": null,
            "timeouts": null
          },
          "sensitive_attributes": [],
          "private": "eyJlMmJmYjczMC1lY2FhLTExZTYtOGY4OC0zNDM2M2JjN2M0YzAiOnsiY3JlYXRlIjoxMjAwMDAwMDAwMDAwLCJkZWxldGUiOjEyMDAwMDAwMDAwMDAsInVwZGF0ZSI6MTIwMDAwMDAwMDAwMH19"
        }
      ]
    },
    {
      "mode": "managed",
      "type": "oci_containerengine_cluster",
      "name": "mtdrworkshop_cluster",
      "provider": "provider[\"registry.terraform.io/hashicorp/oci\"]",
      "instances": [
        {
          "schema_version": 0,
          "attributes": {
            "available_kubernetes_upgrades": [
              "v1.31.1"
            ],
            "compartment_id": "ocid1.compartment.oc1..aaaaaaaafwv43hje6tdbh5owtuccvs5w2x6hacnfkxa4b2srmhmwp2m6l2oq",
            "endpoint_config": [
              {
                "is_public_ip_enabled": true,
                "nsg_ids": [],
                "subnet_id": "ocid1.subnet.oc1.mx-queretaro-1.aaaaaaaaxbomw74eqfmdhl5ba27cgjmggfrgqxsp6a6jjkxtdu6abpguujxa"
              }
            ],
            "endpoints": [
              {
                "kubernetes": "",
                "private_endpoint": "10.0.0.3:6443",
                "public_endpoint": "159.54.145.94:6443"
              }
            ],
            "id": "ocid1.cluster.oc1.mx-queretaro-1.aaaaaaaa2mluopeokpjvhveo2frcakom7acyfarqhewuo2fk7caapkmgurqa",
            "image_policy_config": [
              {
                "is_policy_enabled": false,
                "key_details": []
              }
            ],
            "kms_key_id": null,
            "kubernetes_version": "v1.30.1",
            "lifecycle_details": null,
            "metadata": [
              {
                "created_by_user_id": "ocid1.user.oc1..aaaaaaaa5mukswxl24dj7m6eyy7xkg2n4mnjbae4bvog4ovqikoejpy7g2ca",
                "created_by_work_request_id": "ocid1.clustersworkrequest.oc1.mx-queretaro-1.aaaaaaaa44fdm2upf43mwk3npxgeduojntyihzsamxsnqpxn5wirn5p2aria",
                "deleted_by_user_id": "",
                "deleted_by_work_request_id": "",
                "time_created": "2025-02-26 04:50:16 +0000 UTC",
                "time_deleted": "",
                "time_updated": "",
                "updated_by_user_id": "",
                "updated_by_work_request_id": ""
              }
            ],
            "name": "mtdrworkshopcluster-ymoni",
            "options": [
              {
                "add_ons": [
                  {
                    "is_kubernetes_dashboard_enabled": false,
                    "is_tiller_enabled": false
                  }
                ],
                "admission_controller_options": [
                  {
                    "is_pod_security_policy_enabled": false
                  }
                ],
                "kubernetes_network_config": [
                  {
                    "pods_cidr": "10.244.0.0/16",
                    "services_cidr": "10.96.0.0/16"
                  }
                ],
                "service_lb_subnet_ids": [
                  "ocid1.subnet.oc1.mx-queretaro-1.aaaaaaaa7h4op5dphrxo6nm3q4l2zr4o4bpx2lvikwmq6vrlrcreunsqey3a"
                ]
              }
            ],
            "state": "ACTIVE",
            "timeouts": null,
            "vcn_id": "ocid1.vcn.oc1.mx-queretaro-1.amaaaaaaohzxvbaan2mob77ymh3ks7qw4r3qov4rrgwvntmna6xep2gqqtxq"
          },
          "sensitive_attributes": [],
          "private": "eyJlMmJmYjczMC1lY2FhLTExZTYtOGY4OC0zNDM2M2JjN2M0YzAiOnsiY3JlYXRlIjozNjAwMDAwMDAwMDAwLCJkZWxldGUiOjM2MDAwMDAwMDAwMDAsInVwZGF0ZSI6MzYwMDAwMDAwMDAwMH19",
          "dependencies": [
            "data.oci_core_services.services",
            "oci_core_security_list.endpoint",
            "oci_core_security_list.svclb_sl",
            "oci_core_subnet.endpoint",
            "oci_core_subnet.svclb_Subnet",
            "oci_core_vcn.okevcn"
          ]
        }
      ]
    },
    {
      "mode": "managed",
      "type": "oci_containerengine_node_pool",
      "name": "oke_node_pool",
      "provider": "provider[\"registry.terraform.io/hashicorp/oci\"]",
      "instances": [
        {
          "schema_version": 0,
          "attributes": {
            "cluster_id": "ocid1.cluster.oc1.mx-queretaro-1.aaaaaaaa2mluopeokpjvhveo2frcakom7acyfarqhewuo2fk7caapkmgurqa",
            "compartment_id": "ocid1.compartment.oc1..aaaaaaaafwv43hje6tdbh5owtuccvs5w2x6hacnfkxa4b2srmhmwp2m6l2oq",
            "id": "ocid1.nodepool.oc1.mx-queretaro-1.aaaaaaaaxyqlljptnkt54dpoyu7dbikxjcclsnjteyvisl65onbutuwaflba",
            "initial_node_labels": [],
            "kubernetes_version": "v1.30.1",
            "name": "Pool",
            "node_config_details": [
              {
                "nsg_ids": [],
                "placement_configs": [
                  {
                    "availability_domain": "WpsW:MX-QUERETARO-1-AD-1",
                    "subnet_id": "ocid1.subnet.oc1.mx-queretaro-1.aaaaaaaaja4sidbwro3oaxs72wrouq7iov5ww2dicg7lqlpbgw2amdq5263q"
                  }
                ],
                "size": 3
              }
            ],
            "node_image_id": "ocid1.image.oc1.mx-queretaro-1.aaaaaaaado4sdl2gqcclqpjypwlz2erinb7k7n4oyeshfawoczj26wv62opq",
            "node_image_name": "Oracle-Linux-8.10-2024.11.30-0-OKE-1.30.1-754",
            "node_metadata": {},
            "node_shape": "VM.Standard.E3.Flex",
            "node_shape_config": [
              {
                "memory_in_gbs": 6,
                "ocpus": 2
              }
            ],
            "node_source": [
              {
                "image_id": "ocid1.image.oc1.mx-queretaro-1.aaaaaaaado4sdl2gqcclqpjypwlz2erinb7k7n4oyeshfawoczj26wv62opq",
                "source_name": "Oracle-Linux-8.10-2024.11.30-0-OKE-1.30.1-754",
                "source_type": "IMAGE"
              }
            ],
            "node_source_details": [
              {
                "boot_volume_size_in_gbs": "",
                "image_id": "ocid1.image.oc1.mx-queretaro-1.aaaaaaaado4sdl2gqcclqpjypwlz2erinb7k7n4oyeshfawoczj26wv62opq",
                "source_type": "IMAGE"
              }
            ],
            "nodes": [
              {
                "availability_domain": "WpsW:MX-QUERETARO-1-AD-1",
                "error": [],
                "fault_domain": "FAULT-DOMAIN-1",
                "id": "ocid1.instance.oc1.mx-queretaro-1.anyxeljrohzxvbacevccwzzw6s4wmylsda3o2tbtx3zukaplfzbhxaie7bgq",
                "kubernetes_version": "v1.30.1",
                "lifecycle_details": "",
                "name": "oke-caapkmgurqa-nbutuwaflba-s2amdq5263q-0",
                "node_pool_id": "ocid1.nodepool.oc1.mx-queretaro-1.aaaaaaaaxyqlljptnkt54dpoyu7dbikxjcclsnjteyvisl65onbutuwaflba",
                "private_ip": "10.0.10.86",
                "public_ip": "",
                "state": "ACTIVE",
                "subnet_id": "ocid1.subnet.oc1.mx-queretaro-1.aaaaaaaaja4sidbwro3oaxs72wrouq7iov5ww2dicg7lqlpbgw2amdq5263q"
              },
              {
                "availability_domain": "WpsW:MX-QUERETARO-1-AD-1",
                "error": [],
                "fault_domain": "FAULT-DOMAIN-2",
                "id": "ocid1.instance.oc1.mx-queretaro-1.anyxeljrohzxvbacprrgfgdq7gjnqidj7wx6422u4bols4zwlpamlmnmtdea",
                "kubernetes_version": "v1.30.1",
                "lifecycle_details": "",
                "name": "oke-caapkmgurqa-nbutuwaflba-s2amdq5263q-1",
                "node_pool_id": "ocid1.nodepool.oc1.mx-queretaro-1.aaaaaaaaxyqlljptnkt54dpoyu7dbikxjcclsnjteyvisl65onbutuwaflba",
                "private_ip": "10.0.10.187",
                "public_ip": "",
                "state": "ACTIVE",
                "subnet_id": "ocid1.subnet.oc1.mx-queretaro-1.aaaaaaaaja4sidbwro3oaxs72wrouq7iov5ww2dicg7lqlpbgw2amdq5263q"
              },
              {
                "availability_domain": "WpsW:MX-QUERETARO-1-AD-1",
                "error": [],
                "fault_domain": "FAULT-DOMAIN-3",
                "id": "ocid1.instance.oc1.mx-queretaro-1.anyxeljrohzxvbacjimpev67xj55c2nydwy5qbbc6echv3p4hrhdl2at3a5a",
                "kubernetes_version": "v1.30.1",
                "lifecycle_details": "",
                "name": "oke-caapkmgurqa-nbutuwaflba-s2amdq5263q-2",
                "node_pool_id": "ocid1.nodepool.oc1.mx-queretaro-1.aaaaaaaaxyqlljptnkt54dpoyu7dbikxjcclsnjteyvisl65onbutuwaflba",
                "private_ip": "10.0.10.39",
                "public_ip": "",
                "state": "ACTIVE",
                "subnet_id": "ocid1.subnet.oc1.mx-queretaro-1.aaaaaaaaja4sidbwro3oaxs72wrouq7iov5ww2dicg7lqlpbgw2amdq5263q"
              }
            ],
            "quantity_per_subnet": 0,
            "ssh_public_key": null,
            "subnet_ids": [
              "ocid1.subnet.oc1.mx-queretaro-1.aaaaaaaaja4sidbwro3oaxs72wrouq7iov5ww2dicg7lqlpbgw2amdq5263q"
            ],
            "timeouts": null
          },
          "sensitive_attributes": [],
          "private": "eyJlMmJmYjczMC1lY2FhLTExZTYtOGY4OC0zNDM2M2JjN2M0YzAiOnsiY3JlYXRlIjoxMjAwMDAwMDAwMDAwLCJkZWxldGUiOjEyMDAwMDAwMDAwMDAsInVwZGF0ZSI6MTIwMDAwMDAwMDAwMH19",
          "dependencies": [
            "data.oci_containerengine_node_pool_option.mtdrworkshop_node_pool_option",
            "data.oci_core_services.services",
            "data.oci_identity_availability_domain.ad1",
            "oci_containerengine_cluster.mtdrworkshop_cluster",
            "oci_core_nat_gateway.ngw",
            "oci_core_route_table.private",
            "oci_core_security_list.endpoint",
            "oci_core_security_list.nodePool",
            "oci_core_security_list.svclb_sl",
            "oci_core_service_gateway.sgw",
            "oci_core_subnet.endpoint",
            "oci_core_subnet.nodePool_Subnet",
            "oci_core_subnet.svclb_Subnet",
            "oci_core_vcn.okevcn"
          ]
        }
      ]
    },
    {
      "mode": "managed",
      "type": "oci_core_default_route_table",
      "name": "public",
      "provider": "provider[\"registry.terraform.io/hashicorp/oci\"]",
      "instances": [
        {
          "schema_version": 0,
          "attributes": {
            "compartment_id": "ocid1.compartment.oc1..aaaaaaaafwv43hje6tdbh5owtuccvs5w2x6hacnfkxa4b2srmhmwp2m6l2oq",
            "defined_tags": {
              "Oracle-Tags.CreatedBy": "default/a01642529@tec.mx",
              "Oracle-Tags.CreatedOn": "2025-02-26T04:50:10.937Z"
            },
            "display_name": "public",
            "freeform_tags": {},
            "id": "ocid1.routetable.oc1.mx-queretaro-1.aaaaaaaaucydjtexhurapvgynseldtzgtmsiou6c2mpihjyems2qtu2ojxjq",
            "manage_default_resource_id": "ocid1.routetable.oc1.mx-queretaro-1.aaaaaaaaucydjtexhurapvgynseldtzgtmsiou6c2mpihjyems2qtu2ojxjq",
            "route_rules": [
              {
                "cidr_block": "",
                "description": "traffic to/from internet",
                "destination": "0.0.0.0/0",
                "destination_type": "CIDR_BLOCK",
                "network_entity_id": "ocid1.internetgateway.oc1.mx-queretaro-1.aaaaaaaaylctyf5s3qbqtjfepom7zy2xkpiinoxpjpnkd63njcdzhtpb664q"
              }
            ],
            "state": "AVAILABLE",
            "time_created": "2025-02-26 04:50:11.019 +0000 UTC",
            "timeouts": null
          },
          "sensitive_attributes": [],
          "private": "eyJlMmJmYjczMC1lY2FhLTExZTYtOGY4OC0zNDM2M2JjN2M0YzAiOnsiY3JlYXRlIjoxMjAwMDAwMDAwMDAwLCJkZWxldGUiOjEyMDAwMDAwMDAwMDAsInVwZGF0ZSI6MTIwMDAwMDAwMDAwMH19",
          "dependencies": [
            "oci_core_internet_gateway.igw",
            "oci_core_vcn.okevcn"
          ]
        }
      ]
    },
    {
      "mode": "managed",
      "type": "oci_core_internet_gateway",
      "name": "igw",
      "provider": "provider[\"registry.terraform.io/hashicorp/oci\"]",
      "instances": [
        {
          "schema_version": 0,
          "attributes": {
            "compartment_id": "ocid1.compartment.oc1..aaaaaaaafwv43hje6tdbh5owtuccvs5w2x6hacnfkxa4b2srmhmwp2m6l2oq",
            "defined_tags": {
              "Oracle-Tags.CreatedBy": "default/a01642529@tec.mx",
              "Oracle-Tags.CreatedOn": "2025-02-26T04:50:11.477Z"
            },
            "display_name": "ClusterInternetGateway",
            "enabled": true,
            "freeform_tags": {},
            "id": "ocid1.internetgateway.oc1.mx-queretaro-1.aaaaaaaaylctyf5s3qbqtjfepom7zy2xkpiinoxpjpnkd63njcdzhtpb664q",
            "state": "AVAILABLE",
            "time_created": "2025-02-26 04:50:11.511 +0000 UTC",
            "timeouts": null,
            "vcn_id": "ocid1.vcn.oc1.mx-queretaro-1.amaaaaaaohzxvbaan2mob77ymh3ks7qw4r3qov4rrgwvntmna6xep2gqqtxq"
          },
          "sensitive_attributes": [],
          "private": "eyJlMmJmYjczMC1lY2FhLTExZTYtOGY4OC0zNDM2M2JjN2M0YzAiOnsiY3JlYXRlIjoxMjAwMDAwMDAwMDAwLCJkZWxldGUiOjEyMDAwMDAwMDAwMDAsInVwZGF0ZSI6MTIwMDAwMDAwMDAwMH19",
          "dependencies": [
            "oci_core_vcn.okevcn"
          ]
        }
      ]
    },
    {
      "mode": "managed",
      "type": "oci_core_nat_gateway",
      "name": "ngw",
      "provider": "provider[\"registry.terraform.io/hashicorp/oci\"]",
      "instances": [
        {
          "schema_version": 0,
          "attributes": {
            "block_traffic": false,
            "compartment_id": "ocid1.compartment.oc1..aaaaaaaafwv43hje6tdbh5owtuccvs5w2x6hacnfkxa4b2srmhmwp2m6l2oq",
            "defined_tags": {
              "Oracle-Tags.CreatedBy": "default/a01642529@tec.mx",
              "Oracle-Tags.CreatedOn": "2025-02-26T04:50:11.553Z"
            },
            "display_name": "ngw",
            "freeform_tags": {},
            "id": "ocid1.natgateway.oc1.mx-queretaro-1.aaaaaaaa6qpkd463senjvdrsu5pzaemgoz4a4rbme4pt2n4ep7dam6eq2nha",
            "nat_ip": "159.54.157.35",
            "public_ip_id": "ocid1.publicip.oc1.mx-queretaro-1.aaaaaaaack2kxh45hi6ggjzcv2ixq77urdzxd2k22mnimmgjn7mxoyrakyba",
            "state": "AVAILABLE",
            "time_created": "2025-02-26 04:50:11.826 +0000 UTC",
            "timeouts": null,
            "vcn_id": "ocid1.vcn.oc1.mx-queretaro-1.amaaaaaaohzxvbaan2mob77ymh3ks7qw4r3qov4rrgwvntmna6xep2gqqtxq"
          },
          "sensitive_attributes": [],
          "private": "eyJlMmJmYjczMC1lY2FhLTExZTYtOGY4OC0zNDM2M2JjN2M0YzAiOnsiY3JlYXRlIjoxMjAwMDAwMDAwMDAwLCJkZWxldGUiOjEyMDAwMDAwMDAwMDAsInVwZGF0ZSI6MTIwMDAwMDAwMDAwMH19",
          "dependencies": [
            "oci_core_vcn.okevcn"
          ]
        }
      ]
    },
    {
      "mode": "managed",
      "type": "oci_core_route_table",
      "name": "private",
      "provider": "provider[\"registry.terraform.io/hashicorp/oci\"]",
      "instances": [
        {
          "schema_version": 0,
          "attributes": {
            "compartment_id": "ocid1.compartment.oc1..aaaaaaaafwv43hje6tdbh5owtuccvs5w2x6hacnfkxa4b2srmhmwp2m6l2oq",
            "defined_tags": {
              "Oracle-Tags.CreatedBy": "default/a01642529@tec.mx",
              "Oracle-Tags.CreatedOn": "2025-02-26T04:50:16.844Z"
            },
            "display_name": "private",
            "freeform_tags": {},
            "id": "ocid1.routetable.oc1.mx-queretaro-1.aaaaaaaaknfi27sgihafwfstxj6t3p75g7lv2xwspm5xpawvrbgvke7siumq",
            "route_rules": [
              {
                "cidr_block": "",
                "description": "Traffic to OCI Services",
                "destination": "all-qro-services-in-oracle-services-network",
                "destination_type": "SERVICE_CIDR_BLOCK",
                "network_entity_id": "ocid1.servicegateway.oc1.mx-queretaro-1.aaaaaaaak7lbiwrk3d5xp2uuriy4bxy32ev2hl6vjllg37uhxwxxx6qscbbq"
              },
              {
                "cidr_block": "",
                "description": "Traffic to the internet",
                "destination": "0.0.0.0/0",
                "destination_type": "CIDR_BLOCK",
                "network_entity_id": "ocid1.natgateway.oc1.mx-queretaro-1.aaaaaaaa6qpkd463senjvdrsu5pzaemgoz4a4rbme4pt2n4ep7dam6eq2nha"
              }
            ],
            "state": "AVAILABLE",
            "time_created": "2025-02-26 04:50:16.882 +0000 UTC",
            "timeouts": null,
            "vcn_id": "ocid1.vcn.oc1.mx-queretaro-1.amaaaaaaohzxvbaan2mob77ymh3ks7qw4r3qov4rrgwvntmna6xep2gqqtxq"
          },
          "sensitive_attributes": [],
          "private": "eyJlMmJmYjczMC1lY2FhLTExZTYtOGY4OC0zNDM2M2JjN2M0YzAiOnsiY3JlYXRlIjoxMjAwMDAwMDAwMDAwLCJkZWxldGUiOjEyMDAwMDAwMDAwMDAsInVwZGF0ZSI6MTIwMDAwMDAwMDAwMH19",
          "dependencies": [
            "data.oci_core_services.services",
            "oci_core_nat_gateway.ngw",
            "oci_core_service_gateway.sgw",
            "oci_core_vcn.okevcn"
          ]
        }
      ]
    },
    {
      "mode": "managed",
      "type": "oci_core_security_list",
      "name": "endpoint",
      "provider": "provider[\"registry.terraform.io/hashicorp/oci\"]",
      "instances": [
        {
          "schema_version": 0,
          "attributes": {
            "compartment_id": "ocid1.compartment.oc1..aaaaaaaafwv43hje6tdbh5owtuccvs5w2x6hacnfkxa4b2srmhmwp2m6l2oq",
            "defined_tags": {
              "Oracle-Tags.CreatedBy": "default/a01642529@tec.mx",
              "Oracle-Tags.CreatedOn": "2025-02-26T04:50:11.510Z"
            },
            "display_name": "endpoint",
            "egress_security_rules": [
              {
                "description": "All traffic to worker nodes",
                "destination": "10.0.10.0/24",
                "destination_type": "CIDR_BLOCK",
                "icmp_options": [],
                "protocol": "6",
                "stateless": false,
                "tcp_options": [],
                "udp_options": []
              },
              {
                "description": "Allow Kubernetes Control Plane to communicate with OKE",
                "destination": "all-qro-services-in-oracle-services-network",
                "destination_type": "SERVICE_CIDR_BLOCK",
                "icmp_options": [],
                "protocol": "6",
                "stateless": false,
                "tcp_options": [
                  {
                    "max": 443,
                    "min": 443,
                    "source_port_range": []
                  }
                ],
                "udp_options": []
              },
              {
                "description": "Path Discovery",
                "destination": "10.0.10.0/24",
                "destination_type": "CIDR_BLOCK",
                "icmp_options": [
                  {
                    "code": 4,
                    "type": 3
                  }
                ],
                "protocol": "1",
                "stateless": false,
                "tcp_options": [],
                "udp_options": []
              }
            ],
            "freeform_tags": {},
            "id": "ocid1.securitylist.oc1.mx-queretaro-1.aaaaaaaazci4xlysbgbam6bxbwamuqsldp73fjjkftnfsdvb73472jceczna",
            "ingress_security_rules": [
              {
                "description": "External access to Kubernetes API Endpoint",
                "icmp_options": [],
                "protocol": "6",
                "source": "0.0.0.0/0",
                "source_type": "CIDR_BLOCK",
                "stateless": false,
                "tcp_options": [
                  {
                    "max": 6443,
                    "min": 6443,
                    "source_port_range": []
                  }
                ],
                "udp_options": []
              },
              {
                "description": "Kubernetes woker to control plane communication",
                "icmp_options": [],
                "protocol": "6",
                "source": "10.0.10.0/24",
                "source_type": "CIDR_BLOCK",
                "stateless": false,
                "tcp_options": [
                  {
                    "max": 12250,
                    "min": 12250,
                    "source_port_range": []
                  }
                ],
                "udp_options": []
              },
              {
                "description": "Kubernetes worker to Kubernetes API endpoint communication",
                "icmp_options": [],
                "protocol": "6",
                "source": "10.0.10.0/24",
                "source_type": "CIDR_BLOCK",
                "stateless": false,
                "tcp_options": [
                  {
                    "max": 6443,
                    "min": 6443,
                    "source_port_range": []
                  }
                ],
                "udp_options": []
              },
              {
                "description": "Path Discovery",
                "icmp_options": [
                  {
                    "code": 4,
                    "type": 3
                  }
                ],
                "protocol": "1",
                "source": "10.0.10.0/24",
                "source_type": "CIDR_BLOCK",
                "stateless": false,
                "tcp_options": [],
                "udp_options": []
              }
            ],
            "state": "AVAILABLE",
            "time_created": "2025-02-26 04:50:11.54 +0000 UTC",
            "timeouts": null,
            "vcn_id": "ocid1.vcn.oc1.mx-queretaro-1.amaaaaaaohzxvbaan2mob77ymh3ks7qw4r3qov4rrgwvntmna6xep2gqqtxq"
          },
          "sensitive_attributes": [],
          "private": "eyJlMmJmYjczMC1lY2FhLTExZTYtOGY4OC0zNDM2M2JjN2M0YzAiOnsiY3JlYXRlIjoxMjAwMDAwMDAwMDAwLCJkZWxldGUiOjEyMDAwMDAwMDAwMDAsInVwZGF0ZSI6MTIwMDAwMDAwMDAwMH19",
          "dependencies": [
            "data.oci_core_services.services",
            "oci_core_vcn.okevcn"
          ]
        }
      ]
    },
    {
      "mode": "managed",
      "type": "oci_core_security_list",
      "name": "nodePool",
      "provider": "provider[\"registry.terraform.io/hashicorp/oci\"]",
      "instances": [
        {
          "schema_version": 0,
          "attributes": {
            "compartment_id": "ocid1.compartment.oc1..aaaaaaaafwv43hje6tdbh5owtuccvs5w2x6hacnfkxa4b2srmhmwp2m6l2oq",
            "defined_tags": {
              "Oracle-Tags.CreatedBy": "default/a01642529@tec.mx",
              "Oracle-Tags.CreatedOn": "2025-02-26T04:50:11.521Z"
            },
            "display_name": "nodepool",
            "egress_security_rules": [
              {
                "description": "Access to Kubernetes API endpoint",
                "destination": "10.0.0.0/28",
                "destination_type": "CIDR_BLOCK",
                "icmp_options": [],
                "protocol": "6",
                "stateless": false,
                "tcp_options": [
                  {
                    "max": 6443,
                    "min": 6443,
                    "source_port_range": []
                  }
                ],
                "udp_options": []
              },
              {
                "description": "Allow nodes to communicate with OKE to ensure correct start-up and continued functioning",
                "destination": "all-qro-services-in-oracle-services-network",
                "destination_type": "SERVICE_CIDR_BLOCK",
                "icmp_options": [],
                "protocol": "6",
                "stateless": false,
                "tcp_options": [
                  {
                    "max": 443,
                    "min": 443,
                    "source_port_range": []
                  }
                ],
                "udp_options": []
              },
              {
                "description": "Allow pods on one worker node to communicate with pods on other worker nodes",
                "destination": "10.0.10.0/24",
                "destination_type": "CIDR_BLOCK",
                "icmp_options": [],
                "protocol": "all",
                "stateless": false,
                "tcp_options": [],
                "udp_options": []
              },
              {
                "description": "ICMP Access from Kubernetes Control Plane",
                "destination": "0.0.0.0/0",
                "destination_type": "CIDR_BLOCK",
                "icmp_options": [
                  {
                    "code": 4,
                    "type": 3
                  }
                ],
                "protocol": "1",
                "stateless": false,
                "tcp_options": [],
                "udp_options": []
              },
              {
                "description": "Kubernetes worker to control plane communication",
                "destination": "10.0.0.0/28",
                "destination_type": "CIDR_BLOCK",
                "icmp_options": [],
                "protocol": "6",
                "stateless": false,
                "tcp_options": [
                  {
                    "max": 12250,
                    "min": 12250,
                    "source_port_range": []
                  }
                ],
                "udp_options": []
              },
              {
                "description": "Path Discovery",
                "destination": "10.0.0.0/28",
                "destination_type": "CIDR_BLOCK",
                "icmp_options": [
                  {
                    "code": 4,
                    "type": 3
                  }
                ],
                "protocol": "1",
                "stateless": false,
                "tcp_options": [],
                "udp_options": []
              },
              {
                "description": "Worker Nodes access to Internet",
                "destination": "0.0.0.0/0",
                "destination_type": "CIDR_BLOCK",
                "icmp_options": [],
                "protocol": "all",
                "stateless": false,
                "tcp_options": [],
                "udp_options": []
              }
            ],
            "freeform_tags": {},
            "id": "ocid1.securitylist.oc1.mx-queretaro-1.aaaaaaaacqu6ndk7hy6vx77uvmxjimrf247qjftw4hrkaftmoaqmfdyotgna",
            "ingress_security_rules": [
              {
                "description": "Allow pods on one worker node to communicate with pods on other worker nodes",
                "icmp_options": [],
                "protocol": "all",
                "source": "10.0.10.0/24",
                "source_type": "CIDR_BLOCK",
                "stateless": false,
                "tcp_options": [],
                "udp_options": []
              },
              {
                "description": "External access to Kubernetes API Endpoint",
                "icmp_options": [],
                "protocol": "6",
                "source": "0.0.0.0/0",
                "source_type": "CIDR_BLOCK",
                "stateless": false,
                "tcp_options": [
                  {
                    "max": 6443,
                    "min": 6443,
                    "source_port_range": []
                  }
                ],
                "udp_options": []
              },
              {
                "description": "Inbound SSH traffic to worker nodes",
                "icmp_options": [],
                "protocol": "6",
                "source": "0.0.0.0/0",
                "source_type": "CIDR_BLOCK",
                "stateless": false,
                "tcp_options": [
                  {
                    "max": 22,
                    "min": 22,
                    "source_port_range": []
                  }
                ],
                "udp_options": []
              },
              {
                "description": "Path Discovery",
                "icmp_options": [
                  {
                    "code": 4,
                    "type": 3
                  }
                ],
                "protocol": "1",
                "source": "10.0.0.0/28",
                "source_type": "CIDR_BLOCK",
                "stateless": false,
                "tcp_options": [],
                "udp_options": []
              },
              {
                "description": "TCP access from Kubernetes Control Plane",
                "icmp_options": [],
                "protocol": "6",
                "source": "10.0.0.0/28",
                "source_type": "CIDR_BLOCK",
                "stateless": false,
                "tcp_options": [],
                "udp_options": []
              }
            ],
            "state": "AVAILABLE",
            "time_created": "2025-02-26 04:50:11.637 +0000 UTC",
            "timeouts": null,
            "vcn_id": "ocid1.vcn.oc1.mx-queretaro-1.amaaaaaaohzxvbaan2mob77ymh3ks7qw4r3qov4rrgwvntmna6xep2gqqtxq"
          },
          "sensitive_attributes": [],
          "private": "eyJlMmJmYjczMC1lY2FhLTExZTYtOGY4OC0zNDM2M2JjN2M0YzAiOnsiY3JlYXRlIjoxMjAwMDAwMDAwMDAwLCJkZWxldGUiOjEyMDAwMDAwMDAwMDAsInVwZGF0ZSI6MTIwMDAwMDAwMDAwMH19",
          "dependencies": [
            "data.oci_core_services.services",
            "oci_core_vcn.okevcn"
          ]
        }
      ]
    },
    {
      "mode": "managed",
      "type": "oci_core_security_list",
      "name": "svclb_sl",
      "provider": "provider[\"registry.terraform.io/hashicorp/oci\"]",
      "instances": [
        {
          "schema_version": 0,
          "attributes": {
            "compartment_id": "ocid1.compartment.oc1..aaaaaaaafwv43hje6tdbh5owtuccvs5w2x6hacnfkxa4b2srmhmwp2m6l2oq",
            "defined_tags": {
              "Oracle-Tags.CreatedBy": "default/a01642529@tec.mx",
              "Oracle-Tags.CreatedOn": "2025-02-26T04:50:11.444Z"
            },
            "display_name": "scvlb",
            "egress_security_rules": [
              {
                "description": "",
                "destination": "0.0.0.0/0",
                "destination_type": "CIDR_BLOCK",
                "icmp_options": [],
                "protocol": "6",
                "stateless": false,
                "tcp_options": [],
                "udp_options": []
              }
            ],
            "freeform_tags": {},
            "id": "ocid1.securitylist.oc1.mx-queretaro-1.aaaaaaaags6ahef4z4gvjvbs2oiu6oovctqecupf4u3iuoykr4ea6pxsm75q",
            "ingress_security_rules": [
              {
                "description": "",
                "icmp_options": [],
                "protocol": "6",
                "source": "0.0.0.0/0",
                "source_type": "CIDR_BLOCK",
                "stateless": false,
                "tcp_options": [],
                "udp_options": []
              }
            ],
            "state": "AVAILABLE",
            "time_created": "2025-02-26 04:50:11.479 +0000 UTC",
            "timeouts": null,
            "vcn_id": "ocid1.vcn.oc1.mx-queretaro-1.amaaaaaaohzxvbaan2mob77ymh3ks7qw4r3qov4rrgwvntmna6xep2gqqtxq"
          },
          "sensitive_attributes": [],
          "private": "eyJlMmJmYjczMC1lY2FhLTExZTYtOGY4OC0zNDM2M2JjN2M0YzAiOnsiY3JlYXRlIjoxMjAwMDAwMDAwMDAwLCJkZWxldGUiOjEyMDAwMDAwMDAwMDAsInVwZGF0ZSI6MTIwMDAwMDAwMDAwMH19",
          "dependencies": [
            "oci_core_vcn.okevcn"
          ]
        }
      ]
    },
    {
      "mode": "managed",
      "type": "oci_core_service_gateway",
      "name": "sgw",
      "provider": "provider[\"registry.terraform.io/hashicorp/oci\"]",
      "instances": [
        {
          "schema_version": 0,
          "attributes": {
            "block_traffic": false,
            "compartment_id": "ocid1.compartment.oc1..aaaaaaaafwv43hje6tdbh5owtuccvs5w2x6hacnfkxa4b2srmhmwp2m6l2oq",
            "defined_tags": {
              "Oracle-Tags.CreatedBy": "default/a01642529@tec.mx",
              "Oracle-Tags.CreatedOn": "2025-02-26T04:50:11.560Z"
            },
            "display_name": "mtdr_sgw",
            "freeform_tags": {},
            "id": "ocid1.servicegateway.oc1.mx-queretaro-1.aaaaaaaak7lbiwrk3d5xp2uuriy4bxy32ev2hl6vjllg37uhxwxxx6qscbbq",
            "route_table_id": null,
            "services": [
              {
                "service_id": "ocid1.service.oc1.mx-queretaro-1.aaaaaaaayvg3nrjmjfutkwgtod4g36arka7blin2p3e4fhc5ryv5ciqf7vaq",
                "service_name": "All QRO Services In Oracle Services Network"
              }
            ],
            "state": "AVAILABLE",
            "time_created": "2025-02-26 04:50:14.618 +0000 UTC",
            "timeouts": null,
            "vcn_id": "ocid1.vcn.oc1.mx-queretaro-1.amaaaaaaohzxvbaan2mob77ymh3ks7qw4r3qov4rrgwvntmna6xep2gqqtxq"
          },
          "sensitive_attributes": [],
          "private": "eyJlMmJmYjczMC1lY2FhLTExZTYtOGY4OC0zNDM2M2JjN2M0YzAiOnsiY3JlYXRlIjoxMjAwMDAwMDAwMDAwLCJkZWxldGUiOjEyMDAwMDAwMDAwMDAsInVwZGF0ZSI6MTIwMDAwMDAwMDAwMH19",
          "dependencies": [
            "data.oci_core_services.services",
            "oci_core_vcn.okevcn"
          ]
        }
      ]
    },
    {
      "mode": "managed",
      "type": "oci_core_subnet",
      "name": "endpoint",
      "provider": "provider[\"registry.terraform.io/hashicorp/oci\"]",
      "instances": [
        {
          "schema_version": 0,
          "attributes": {
            "availability_domain": null,
            "cidr_block": "10.0.0.0/28",
            "compartment_id": "ocid1.compartment.oc1..aaaaaaaafwv43hje6tdbh5owtuccvs5w2x6hacnfkxa4b2srmhmwp2m6l2oq",
            "defined_tags": {
              "Oracle-Tags.CreatedBy": "default/a01642529@tec.mx",
              "Oracle-Tags.CreatedOn": "2025-02-26T04:50:11.782Z"
            },
            "dhcp_options_id": "ocid1.dhcpoptions.oc1.mx-queretaro-1.aaaaaaaarubqarmza2f33vnq6evrubu73hmnbidppekymp4t3s322gjjqmpa",
            "display_name": "subnet1ForNodePool",
            "dns_label": "endpoint",
            "freeform_tags": {},
            "id": "ocid1.subnet.oc1.mx-queretaro-1.aaaaaaaaxbomw74eqfmdhl5ba27cgjmggfrgqxsp6a6jjkxtdu6abpguujxa",
            "ipv6cidr_block": null,
            "ipv6virtual_router_ip": null,
            "prohibit_internet_ingress": false,
            "prohibit_public_ip_on_vnic": false,
            "route_table_id": "ocid1.routetable.oc1.mx-queretaro-1.aaaaaaaaucydjtexhurapvgynseldtzgtmsiou6c2mpihjyems2qtu2ojxjq",
            "security_list_ids": [
              "ocid1.securitylist.oc1.mx-queretaro-1.aaaaaaaazci4xlysbgbam6bxbwamuqsldp73fjjkftnfsdvb73472jceczna"
            ],
            "state": "AVAILABLE",
            "subnet_domain_name": "endpoint.mtdrworkshop.oraclevcn.com",
            "time_created": "2025-02-26 04:50:12.068 +0000 UTC",
            "timeouts": null,
            "vcn_id": "ocid1.vcn.oc1.mx-queretaro-1.amaaaaaaohzxvbaan2mob77ymh3ks7qw4r3qov4rrgwvntmna6xep2gqqtxq",
            "virtual_router_ip": "10.0.0.1",
            "virtual_router_mac": "00:00:17:23:E7:62"
          },
          "sensitive_attributes": [],
          "private": "eyJlMmJmYjczMC1lY2FhLTExZTYtOGY4OC0zNDM2M2JjN2M0YzAiOnsiY3JlYXRlIjoxMjAwMDAwMDAwMDAwLCJkZWxldGUiOjEyMDAwMDAwMDAwMDAsInVwZGF0ZSI6MTIwMDAwMDAwMDAwMH19",
          "dependencies": [
            "data.oci_core_services.services",
            "oci_core_security_list.endpoint",
            "oci_core_vcn.okevcn"
          ]
        }
      ]
    },
    {
      "mode": "managed",
      "type": "oci_core_subnet",
      "name": "nodePool_Subnet",
      "provider": "provider[\"registry.terraform.io/hashicorp/oci\"]",
      "instances": [
        {
          "schema_version": 0,
          "attributes": {
            "availability_domain": null,
            "cidr_block": "10.0.10.0/24",
            "compartment_id": "ocid1.compartment.oc1..aaaaaaaafwv43hje6tdbh5owtuccvs5w2x6hacnfkxa4b2srmhmwp2m6l2oq",
            "defined_tags": {
              "Oracle-Tags.CreatedBy": "default/a01642529@tec.mx",
              "Oracle-Tags.CreatedOn": "2025-02-26T04:50:11.782Z"
            },
            "dhcp_options_id": "ocid1.dhcpoptions.oc1.mx-queretaro-1.aaaaaaaarubqarmza2f33vnq6evrubu73hmnbidppekymp4t3s322gjjqmpa",
            "display_name": "SubNet1ForNodePool",
            "dns_label": "nodepool",
            "freeform_tags": {},
            "id": "ocid1.subnet.oc1.mx-queretaro-1.aaaaaaaaja4sidbwro3oaxs72wrouq7iov5ww2dicg7lqlpbgw2amdq5263q",
            "ipv6cidr_block": null,
            "ipv6virtual_router_ip": null,
            "prohibit_internet_ingress": true,
            "prohibit_public_ip_on_vnic": true,
            "route_table_id": "ocid1.routetable.oc1.mx-queretaro-1.aaaaaaaaknfi27sgihafwfstxj6t3p75g7lv2xwspm5xpawvrbgvke7siumq",
            "security_list_ids": [
              "ocid1.securitylist.oc1.mx-queretaro-1.aaaaaaaacqu6ndk7hy6vx77uvmxjimrf247qjftw4hrkaftmoaqmfdyotgna"
            ],
            "state": "AVAILABLE",
            "subnet_domain_name": "nodepool.mtdrworkshop.oraclevcn.com",
            "time_created": "2025-02-26 04:50:17.269 +0000 UTC",
            "timeouts": null,
            "vcn_id": "ocid1.vcn.oc1.mx-queretaro-1.amaaaaaaohzxvbaan2mob77ymh3ks7qw4r3qov4rrgwvntmna6xep2gqqtxq",
            "virtual_router_ip": "10.0.10.1",
            "virtual_router_mac": "00:00:17:23:E7:62"
          },
          "sensitive_attributes": [],
          "private": "eyJlMmJmYjczMC1lY2FhLTExZTYtOGY4OC0zNDM2M2JjN2M0YzAiOnsiY3JlYXRlIjoxMjAwMDAwMDAwMDAwLCJkZWxldGUiOjEyMDAwMDAwMDAwMDAsInVwZGF0ZSI6MTIwMDAwMDAwMDAwMH19",
          "dependencies": [
            "data.oci_core_services.services",
            "oci_core_nat_gateway.ngw",
            "oci_core_route_table.private",
            "oci_core_security_list.nodePool",
            "oci_core_service_gateway.sgw",
            "oci_core_vcn.okevcn"
          ]
        }
      ]
    },
    {
      "mode": "managed",
      "type": "oci_core_subnet",
      "name": "svclb_Subnet",
      "provider": "provider[\"registry.terraform.io/hashicorp/oci\"]",
      "instances": [
        {
          "schema_version": 0,
          "attributes": {
            "availability_domain": null,
            "cidr_block": "10.0.20.0/24",
            "compartment_id": "ocid1.compartment.oc1..aaaaaaaafwv43hje6tdbh5owtuccvs5w2x6hacnfkxa4b2srmhmwp2m6l2oq",
            "defined_tags": {
              "Oracle-Tags.CreatedBy": "default/a01642529@tec.mx",
              "Oracle-Tags.CreatedOn": "2025-02-26T04:50:11.782Z"
            },
            "dhcp_options_id": "ocid1.dhcpoptions.oc1.mx-queretaro-1.aaaaaaaarubqarmza2f33vnq6evrubu73hmnbidppekymp4t3s322gjjqmpa",
            "display_name": "Subnet1 for svclb",
            "dns_label": "svclb",
            "freeform_tags": {},
            "id": "ocid1.subnet.oc1.mx-queretaro-1.aaaaaaaa7h4op5dphrxo6nm3q4l2zr4o4bpx2lvikwmq6vrlrcreunsqey3a",
            "ipv6cidr_block": null,
            "ipv6virtual_router_ip": null,
            "prohibit_internet_ingress": false,
            "prohibit_public_ip_on_vnic": false,
            "route_table_id": "ocid1.routetable.oc1.mx-queretaro-1.aaaaaaaaucydjtexhurapvgynseldtzgtmsiou6c2mpihjyems2qtu2ojxjq",
            "security_list_ids": [
              "ocid1.securitylist.oc1.mx-queretaro-1.aaaaaaaags6ahef4z4gvjvbs2oiu6oovctqecupf4u3iuoykr4ea6pxsm75q"
            ],
            "state": "AVAILABLE",
            "subnet_domain_name": "svclb.mtdrworkshop.oraclevcn.com",
            "time_created": "2025-02-26 04:50:12.265 +0000 UTC",
            "timeouts": null,
            "vcn_id": "ocid1.vcn.oc1.mx-queretaro-1.amaaaaaaohzxvbaan2mob77ymh3ks7qw4r3qov4rrgwvntmna6xep2gqqtxq",
            "virtual_router_ip": "10.0.20.1",
            "virtual_router_mac": "00:00:17:23:E7:62"
          },
          "sensitive_attributes": [],
          "private": "eyJlMmJmYjczMC1lY2FhLTExZTYtOGY4OC0zNDM2M2JjN2M0YzAiOnsiY3JlYXRlIjoxMjAwMDAwMDAwMDAwLCJkZWxldGUiOjEyMDAwMDAwMDAwMDAsInVwZGF0ZSI6MTIwMDAwMDAwMDAwMH19",
          "dependencies": [
            "oci_core_security_list.svclb_sl",
            "oci_core_vcn.okevcn"
          ]
        }
      ]
    },
    {
      "mode": "managed",
      "type": "oci_core_vcn",
      "name": "okevcn",
      "provider": "provider[\"registry.terraform.io/hashicorp/oci\"]",
      "instances": [
        {
          "schema_version": 0,
          "attributes": {
            "cidr_block": "10.0.0.0/16",
            "cidr_blocks": [
              "10.0.0.0/16"
            ],
            "compartment_id": "ocid1.compartment.oc1..aaaaaaaafwv43hje6tdbh5owtuccvs5w2x6hacnfkxa4b2srmhmwp2m6l2oq",
            "default_dhcp_options_id": "ocid1.dhcpoptions.oc1.mx-queretaro-1.aaaaaaaarubqarmza2f33vnq6evrubu73hmnbidppekymp4t3s322gjjqmpa",
            "default_route_table_id": "ocid1.routetable.oc1.mx-queretaro-1.aaaaaaaaucydjtexhurapvgynseldtzgtmsiou6c2mpihjyems2qtu2ojxjq",
            "default_security_list_id": "ocid1.securitylist.oc1.mx-queretaro-1.aaaaaaaamllrbk326frbcrffv6rrfbck7u46brrvstkidmk3st3nyuwrxhea",
            "defined_tags": {
              "Oracle-Tags.CreatedBy": "default/a01642529@tec.mx",
              "Oracle-Tags.CreatedOn": "2025-02-26T04:50:10.937Z"
            },
            "display_name": "mtdrworkshop-ymoni",
            "dns_label": "mtdrworkshop",
            "freeform_tags": {},
            "id": "ocid1.vcn.oc1.mx-queretaro-1.amaaaaaaohzxvbaan2mob77ymh3ks7qw4r3qov4rrgwvntmna6xep2gqqtxq",
            "ipv6cidr_blocks": [],
            "is_ipv6enabled": false,
            "state": "AVAILABLE",
            "time_created": "2025-02-26 04:50:11.019 +0000 UTC",
            "timeouts": null,
            "vcn_domain_name": "mtdrworkshop.oraclevcn.com"
          },
          "sensitive_attributes": [],
          "private": "eyJlMmJmYjczMC1lY2FhLTExZTYtOGY4OC0zNDM2M2JjN2M0YzAiOnsiY3JlYXRlIjoxMjAwMDAwMDAwMDAwLCJkZWxldGUiOjEyMDAwMDAwMDAwMDAsInVwZGF0ZSI6MTIwMDAwMDAwMDAwMH19"
        }
      ]
    },
    {
      "mode": "managed",
      "type": "oci_objectstorage_bucket",
      "name": "dbbucket",
      "provider": "provider[\"registry.terraform.io/hashicorp/oci\"]",
      "instances": [
        {
          "schema_version": 0,
          "attributes": {
            "access_type": "NoPublicAccess",
            "approximate_count": "0",
            "approximate_size": "0",
            "auto_tiering": "Disabled",
            "bucket_id": "ocid1.bucket.oc1.mx-queretaro-1.aaaaaaaajbogiv5al3vqwu2vdwn7lpm57ivvmszbqbwpktkeenhrsn6zc74a",
            "compartment_id": "ocid1.compartment.oc1..aaaaaaaafwv43hje6tdbh5owtuccvs5w2x6hacnfkxa4b2srmhmwp2m6l2oq",
            "created_by": "ocid1.user.oc1..aaaaaaaa5mukswxl24dj7m6eyy7xkg2n4mnjbae4bvog4ovqikoejpy7g2ca",
            "defined_tags": {
              "Oracle-Tags.CreatedBy": "default/a01642529@tec.mx",
              "Oracle-Tags.CreatedOn": "2025-02-26T04:50:10.936Z"
            },
            "etag": "e8351900-70cc-4bae-93e0-3889e7d38273",
            "freeform_tags": {},
            "id": "n/axqtz90kex4d/b/reacttodo-ymoni",
            "is_read_only": false,
            "kms_key_id": null,
            "metadata": {},
            "name": "reacttodo-ymoni",
            "namespace": "axqtz90kex4d",
            "object_events_enabled": false,
            "object_lifecycle_policy_etag": null,
            "replication_enabled": false,
            "retention_rules": [],
            "storage_tier": "Standard",
            "time_created": "2025-02-26 04:50:10.947 +0000 UTC",
            "timeouts": null,
            "versioning": "Disabled"
          },
          "sensitive_attributes": [],
          "private": "eyJlMmJmYjczMC1lY2FhLTExZTYtOGY4OC0zNDM2M2JjN2M0YzAiOnsiY3JlYXRlIjoxMjAwMDAwMDAwMDAwLCJkZWxldGUiOjEyMDAwMDAwMDAwMDAsInVwZGF0ZSI6MTIwMDAwMDAwMDAwMH19",
          "dependencies": [
            "data.oci_objectstorage_namespace.namespace"
          ]
        }
      ]
    },
    {
      "mode": "managed",
      "type": "random_password",
      "name": "database_admin_password",
      "provider": "provider[\"registry.terraform.io/hashicorp/random\"]",
      "instances": [
        {
          "schema_version": 3,
          "attributes": {
            "bcrypt_hash": "$2a$10$2ptgHiyKEYgRUN1uiD41UOgwpoeX2a6cTTF87CD3Q7m2asag.f92C",
            "id": "none",
            "keepers": null,
            "length": 12,
            "lower": true,
            "min_lower": 1,
            "min_numeric": 1,
            "min_special": 0,
            "min_upper": 1,
            "number": true,
            "numeric": true,
            "override_special": null,
            "result": "q1NHj6asroJs",
            "special": false,
            "upper": true
          },
          "sensitive_attributes": []
        }
      ]
    },
    {
      "mode": "managed",
      "type": "random_string",
      "name": "autonomous_database_wallet_password",
      "provider": "provider[\"registry.terraform.io/hashicorp/random\"]",
      "instances": [
        {
          "schema_version": 2,
          "attributes": {
            "id": "p-2rjMLwa)V*{iez",
            "keepers": null,
            "length": 16,
            "lower": true,
            "min_lower": 0,
            "min_numeric": 0,
            "min_special": 0,
            "min_upper": 0,
            "number": true,
            "numeric": true,
            "override_special": null,
            "result": "p-2rjMLwa)V*{iez",
            "special": true,
            "upper": true
          },
          "sensitive_attributes": []
        }
      ]
    }
  ],
  "check_results": null
}
